
Microsoft Visual Studio Solution File, Format Version 12.00
# Visual Studio Version 17
VisualStudioVersion = 17.10.34928.147
MinimumVisualStudioVersion = 10.0.40219.1
Project("{FAE04EC0-301F-11D3-BF4B-00C04F79EFBC}") = "cinema_api", "cinema_api\cinema_api.csproj", "{227B771C-DF96-4D70-88C8-4AF9F503AFE4}"
EndProject
Global
	GlobalSection(SolutionConfigurationPlatforms) = preSolution
		Debug|Any CPU = Debug|Any CPU
		Release|Any CPU = Release|Any CPU
	EndGlobalSection
	GlobalSection(ProjectConfigurationPlatforms) = postSolution
		{227B771C-DF96-4D70-88C8-4AF9F503AFE4}.Debug|Any CPU.ActiveCfg = Debug|Any CPU
		{227B771C-DF96-4D70-88C8-4AF9F503AFE4}.Debug|Any CPU.Build.0 = Debug|Any CPU
		{227B771C-DF96-4D70-88C8-4AF9F503AFE4}.Release|Any CPU.ActiveCfg = Release|Any CPU
		{227B771C-DF96-4D70-88C8-4AF9F503AFE4}.Release|Any CPU.Build.0 = Release|Any CPU
	EndGlobalSection
	GlobalSection(SolutionProperties) = preSolution
		HideSolutionNode = FALSE
	EndGlobalSection
	GlobalSection(ExtensibilityGlobals) = postSolution
		SolutionGuid = {3D79C360-2008-40DA-9741-A2EF14764FDC}
	EndGlobalSection
EndGlobal
